// !$*UTF8*$!
{
	archiveVersion = 1;
	classes = {
	};
	objectVersion = 50;
	objects = {

/* Begin PBXBuildFile section */
		CCA8FF392473E38C00A93B50 /* AppDelegate.swift in Sources */ = {isa = PBXBuildFile; fileRef = CCA8FF382473E38C00A93B50 /* AppDelegate.swift */; };
		CCA8FF3B2473E38C00A93B50 /* SceneDelegate.swift in Sources */ = {isa = PBXBuildFile; fileRef = CCA8FF3A2473E38C00A93B50 /* SceneDelegate.swift */; };
		CCA8FF3D2473E38C00A93B50 /* ViewController.swift in Sources */ = {isa = PBXBuildFile; fileRef = CCA8FF3C2473E38C00A93B50 /* ViewController.swift */; };
		CCA8FF402473E38C00A93B50 /* Main.storyboard in Resources */ = {isa = PBXBuildFile; fileRef = CCA8FF3E2473E38C00A93B50 /* Main.storyboard */; };
		CCA8FF422473E38D00A93B50 /* Assets.xcassets in Resources */ = {isa = PBXBuildFile; fileRef = CCA8FF412473E38D00A93B50 /* Assets.xcassets */; };
		CCA8FF452473E38D00A93B50 /* LaunchScreen.storyboard in Resources */ = {isa = PBXBuildFile; fileRef = CCA8FF432473E38D00A93B50 /* LaunchScreen.storyboard */; };
/* End PBXBuildFile section */

/* Begin PBXFileReference section */
		CCA8FF352473E38C00A93B50 /* MemeApp.app */ = {isa = PBXFileReference; explicitFileType = wrapper.application; includeInIndex = 0; path = MemeApp.app; sourceTree = BUILT_PRODUCTS_DIR; };
		CCA8FF382473E38C00A93B50 /* AppDelegate.swift */ = {isa = PBXFileReference; lastKnownFileType = sourcecode.swift; path = AppDelegate.swift; sourceTree = "<group>"; };
		CCA8FF3A2473E38C00A93B50 /* SceneDelegate.swift */ = {isa = PBXFileReference; lastKnownFileType = sourcecode.swift; path = SceneDelegate.swift; sourceTree = "<group>"; };
		CCA8FF3C2473E38C00A93B50 /* ViewController.swift */ = {isa = PBXFileReference; lastKnownFileType = sourcecode.swift; path = ViewController.swift; sourceTree = "<group>"; };
		CCA8FF3F2473E38C00A93B50 /* Base */ = {isa = PBXFileReference; lastKnownFileType = file.storyboard; name = Base; path = Base.lproj/Main.storyboard; sourceTree = "<group>"; };
		CCA8FF412473E38D00A93B50 /* Assets.xcassets */ = {isa = PBXFileReference; lastKnownFileType = folder.assetcatalog; path = Assets.xcassets; sourceTree = "<group>"; };
		CCA8FF442473E38D00A93B50 /* Base */ = {isa = PBXFileReference; lastKnownFileType = file.storyboard; name = Base; path = Base.lproj/LaunchScreen.storyboard; sourceTree = "<group>"; };
		CCA8FF462473E38D00A93B50 /* Info.plist */ = {isa = PBXFileReference; lastKnownFileType = text.plist.xml; path = Info.plist; sourceTree = "<group>"; };
/* End PBXFileReference section */

/* Begin PBXFrameworksBuildPhase section */
		CCA8FF322473E38C00A93B50 /* Frameworks */ = {
			isa = PBXFrameworksBuildPhase;
			buildActionMask = 2147483647;
			files = (
			);
			runOnlyForDeploymentPostprocessing = 0;
		};
/* End PBXFrameworksBuildPhase section */

/* Begin PBXGroup section */
		CCA8FF2C2473E38C00A93B50 = {
			isa = PBXGroup;
			children = (
				CCA8FF372473E38C00A93B50 /* MemeApp */,
				CCA8FF362473E38C00A93B50 /* Products */,
			);
			sourceTree = "<group>";
		};
		CCA8FF362473E38C00A93B50 /* Products */ = {
			isa = PBXGroup;
			children = (
				CCA8FF352473E38C00A93B50 /* MemeApp.app */,
			);
			name = Products;
			sourceTree = "<group>";
		};
		CCA8FF372473E38C00A93B50 /* MemeApp */ = {
			isa = PBXGroup;
			children = (
				CCA8FF382473E38C00A93B50 /* AppDelegate.swift */,
				CCA8FF3A2473E38C00A93B50 /* SceneDelegate.swift */,
				CCA8FF3C2473E38C00A93B50 /* ViewController.swift */,
				CCA8FF3E2473E38C00A93B50 /* Main.storyboard */,
				CCA8FF412473E38D00A93B50 /* Assets.xcassets */,
				CCA8FF432473E38D00A93B50 /* LaunchScreen.storyboard */,
				CCA8FF462473E38D00A93B50 /* Info.plist */,
			);
			path = MemeApp;
			sourceTree = "<group>";
		};
/* End PBXGroup section */

/* Begin PBXNativeTarget section */
		CCA8FF342473E38C00A93B50 /* MemeApp */ = {
			isa = PBXNativeTarget;
			buildConfigurationList = CCA8FF492473E38D00A93B50 /* Build configuration list for PBXNativeTarget "MemeApp" */;
			buildPhases = (
				CCA8FF312473E38C00A93B50 /* Sources */,
				CCA8FF322473E38C00A93B50 /* Frameworks */,
				CCA8FF332473E38C00A93B50 /* Resources */,
			);
			buildRules = (
			);
			dependencies = (
			);
			name = MemeApp;
			productName = MemeApp;
			productReference = CCA8FF352473E38C00A93B50 /* MemeApp.app */;
			productType = "com.apple.product-type.application";
		};
/* End PBXNativeTarget section */

/* Begin PBXProject section */
		CCA8FF2D2473E38C00A93B50 /* Project object */ = {
			isa = PBXProject;
			attributes = {
				LastSwiftUpdateCheck = 1140;
				LastUpgradeCheck = 1140;
				ORGANIZATIONNAME = Dinulsyah;
				TargetAttributes = {
					CCA8FF342473E38C00A93B50 = {
						CreatedOnToolsVersion = 11.4;
					};
				};
			};
			buildConfigurationList = CCA8FF302473E38C00A93B50 /* Build configuration list for PBXProject "MemeApp" */;
			compatibilityVersion = "Xcode 9.3";
			developmentRegion = en;
			hasScannedForEncodings = 0;
			knownRegions = (
				en,
				Base,
			);
			mainGroup = CCA8FF2C2473E38C00A93B50;
			productRefGroup = CCA8FF362473E38C00A93B50 /* Products */;
			projectDirPath = "";
			projectRoot = "";
			targets = (
				CCA8FF342473E38C00A93B50 /* MemeApp */,
			);
		};
/* End PBXProject section */

/* Begin PBXResourcesBuildPhase section */
		CCA8FF332473E38C00A93B50 /* Resources */ = {
			isa = PBXResourcesBuildPhase;
			buildActionMask = 2147483647;
			files = (
				CCA8FF452473E38D00A93B50 /* LaunchScreen.storyboard in Resources */,
				CCA8FF422473E38D00A93B50 /* Assets.xcassets in Resources */,
				CCA8FF402473E38C00A93B50 /* Main.storyboard in Resources */,
			);
			runOnlyForDeploymentPostprocessing = 0;
		};
/* End PBXResourcesBuildPhase section */

/* Begin PBXSourcesBuildPhase section */
		CCA8FF312473E38C00A93B50 /* Sources */ = {
			isa = PBXSourcesBuildPhase;
			buildActionMask = 2147483647;
			files = (
				CCA8FF3D2473E38C00A93B50 /* ViewController.swift in Sources */,
				CCA8FF392473E38C00A93B50 /* AppDelegate.swift in Sources */,
				CCA8FF3B2473E38C00A93B50 /* SceneDelegate.swift in Sources */,
			);
			runOnlyForDeploymentPostprocessing = 0;
		};
/* End PBXSourcesBuildPhase section */

/* Begin PBXVariantGroup section */
		CCA8FF3E2473E38C00A93B50 /* Main.storyboard */ = {
			isa = PBXVariantGroup;
			children = (
				CCA8FF3F2473E38C00A93B50 /* Base */,
			);
			name = Main.storyboard;
			sourceTree = "<group>";
		};
		CCA8FF432473E38D00A93B50 /* LaunchScreen.storyboard */ = {
			isa = PBXVariantGroup;
			children = (
				CCA8FF442473E38D00A93B50 /* Base */,
			);
			name = LaunchScreen.storyboard;
			sourceTree = "<group>";
		};
/* End PBXVariantGroup section */

/* Begin XCBuildConfiguration section */
		CCA8FF472473E38D00A93B50 /* Debug */ = {
			isa = XCBuildConfiguration;
			buildSettings = {
				ALWAYS_SEARCH_USER_PATHS = NO;
				CLANG_ANALYZER_NONNULL = YES;
				CLANG_ANALYZER_NUMBER_OBJECT_CONVERSION = YES_AGGRESSIVE;
				CLANG_CXX_LANGUAGE_STANDARD = "gnu++14";
				CLANG_CXX_LIBRARY = "libc++";
				CLANG_ENABLE_MODULES = YES;
				CLANG_ENABLE_OBJC_ARC = YES;
				CLANG_ENABLE_OBJC_WEAK = YES;
				CLANG_WARN_BLOCK_CAPTURE_AUTORELEASING = YES;
				CLANG_WARN_BOOL_CONVERSION = YES;
				CLANG_WARN_COMMA = YES;
				CLANG_WARN_CONSTANT_CONVERSION = YES;
				CLANG_WARN_DEPRECATED_OBJC_IMPLEMENTATIONS = YES;
				CLANG_WARN_DIRECT_OBJC_ISA_USAGE = YES_ERROR;
				CLANG_WARN_DOCUMENTATION_COMMENTS = YES;
				CLANG_WARN_EMPTY_BODY = YES;
				CLANG_WARN_ENUM_CONVERSION = YES;
				CLANG_WARN_INFINITE_RECURSION = YES;
				CLANG_WARN_INT_CONVERSION = YES;
				CLANG_WARN_NON_LITERAL_NULL_CONVERSION = YES;
				CLANG_WARN_OBJC_IMPLICIT_RETAIN_SELF = YES;
				CLANG_WARN_OBJC_LITERAL_CONVERSION = YES;
				CLANG_WARN_OBJC_ROOT_CLASS = YES_ERROR;
				CLANG_WARN_RANGE_LOOP_ANALYSIS = YES;
				CLANG_WARN_STRICT_PROTOTYPES = YES;
				CLANG_WARN_SUSPICIOUS_MOVE = YES;
				CLANG_WARN_UNGUARDED_AVAILABILITY = YES_AGGRESSIVE;
				CLANG_WARN_UNREACHABLE_CODE = YES;
				CLANG_WARN__DUPLICATE_METHOD_MATCH = YES;
				COPY_PHASE_STRIP = NO;
				DEBUG_INFORMATION_FORMAT = dwarf;
				ENABLE_STRICT_OBJC_MSGSEND = YES;
				ENABLE_TESTABILITY = YES;
				GCC_C_LANGUAGE_STANDARD = gnu11;
				GCC_DYNAMIC_NO_PIC = NO;
				GCC_NO_COMMON_BLOCKS = YES;
				GCC_OPTIMIZATION_LEVEL = 0;
				GCC_PREPROCESSOR_DEFINITIONS = (
					"DEBUG=1",
					"$(inherited)",
				);
				GCC_WARN_64_TO_32_BIT_CONVERSION = YES;
				GCC_WARN_ABOUT_RETURN_TYPE = YES_ERROR;
				GCC_WARN_UNDECLARED_SELECTOR = YES;
				GCC_WARN_UNINITIALIZED_AUTOS = YES_AGGRESSIVE;
				GCC_WARN_UNUSED_FUNCTION = YES;
				GCC_WARN_UNUSED_VARIABLE = YES;
				IPHONEOS_DEPLOYMENT_TARGET = 13.4;
				MTL_ENABLE_DEBUG_INFO = INCLUDE_SOURCE;
				MTL_FAST_MATH = YES;
				ONLY_ACTIVE_ARCH = YES;
				SDKROOT = iphoneos;
				SWIFT_ACTIVE_COMPILATION_CONDITIONS = DEBUG;
				SWIFT_OPTIMIZATION_LEVEL = "-Onone";
			};
			name = Debug;
		};
		CCA8FF482473E38D00A93B50 /* Release */ = {
			isa = XCBuildConfiguration;
			buildSettings = {
				ALWAYS_SEARCH_USER_PATHS = NO;
				CLANG_ANALYZER_NONNULL = YES;
				CLANG_ANALYZER_NUMBER_OBJECT_CONVERSION = YES_AGGRESSIVE;
				CLANG_CXX_LANGUAGE_STANDARD = "gnu++14";
				CLANG_CXX_LIBRARY = "libc++";
				CLANG_ENABLE_MODULES = YES;
				CLANG_ENABLE_OBJC_ARC = YES;
				CLANG_ENABLE_OBJC_WEAK = YES;
				CLANG_WARN_BLOCK_CAPTURE_AUTORELEASING = YES;
				CLANG_WARN_BOOL_CONVERSION = YES;
				CLANG_WARN_COMMA = YES;
				CLANG_WARN_CONSTANT_CONVERSION = YES;
				CLANG_WARN_DEPRECATED_OBJC_IMPLEMENTATIONS = YES;
				CLANG_WARN_DIRECT_OBJC_ISA_USAGE = YES_ERROR;
				CLANG_WARN_DOCUMENTATION_COMMENTS = YES;
				CLANG_WARN_EMPTY_BODY = YES;
				CLANG_WARN_ENUM_CONVERSION = YES;
				CLANG_WARN_INFINITE_RECURSION = YES;
				CLANG_WARN_INT_CONVERSION = YES;
				CLANG_WARN_NON_LITERAL_NULL_CONVERSION = YES;
				CLANG_WARN_OBJC_IMPLICIT_RETAIN_SELF = YES;
				CLANG_WARN_OBJC_LITERAL_CONVERSION = YES;
				CLANG_WARN_OBJC_ROOT_CLASS = YES_ERROR;
				CLANG_WARN_RANGE_LOOP_ANALYSIS = YES;
				CLANG_WARN_STRICT_PROTOTYPES = YES;
				CLANG_WARN_SUSPICIOUS_MOVE = YES;
				CLANG_WARN_UNGUARDED_AVAILABILITY = YES_AGGRESSIVE;
				CLANG_WARN_UNREACHABLE_CODE = YES;
				CLANG_WARN__DUPLICATE_METHOD_MATCH = YES;
				COPY_PHASE_STRIP = NO;
				DEBUG_INFORMATION_FORMAT = "dwarf-with-dsym";
				ENABLE_NS_ASSERTIONS = NO;
				ENABLE_STRICT_OBJC_MSGSEND = YES;
				GCC_C_LANGUAGE_STANDARD = gnu11;
				GCC_NO_COMMON_BLOCKS = YES;
				GCC_WARN_64_TO_32_BIT_CONVERSION = YES;
				GCC_WARN_ABOUT_RETURN_TYPE = YES_ERROR;
				GCC_WARN_UNDECLARED_SELECTOR = YES;
				GCC_WARN_UNINITIALIZED_AUTOS = YES_AGGRESSIVE;
				GCC_WARN_UNUSED_FUNCTION = YES;
				GCC_WARN_UNUSED_VARIABLE = YES;
				IPHONEOS_DEPLOYMENT_TARGET = 13.4;
				MTL_ENABLE_DEBUG_INFO = NO;
				MTL_FAST_MATH = YES;
				SDKROOT = iphoneos;
				SWIFT_COMPILATION_MODE = wholemodule;
				SWIFT_OPTIMIZATION_LEVEL = "-O";
				VALIDATE_PRODUCT = YES;
			};
			name = Release;
		};
		CCA8FF4A2473E38D00A93B50 /* Debug */ = {
			isa = XCBuildConfiguration;
			buildSettings = {
				ASSETCATALOG_COMPILER_APPICON_NAME = AppIcon;
				CODE_SIGN_STYLE = Automatic;
				INFOPLIST_FILE = MemeApp/Info.plist;
				LD_RUNPATH_SEARCH_PATHS = (
					"$(inherited)",
					"@executable_path/Frameworks",
				);
				PRODUCT_BUNDLE_IDENTIFIER = dinulsyah.com.MemeApp;
				PRODUCT_NAME = "$(TARGET_NAME)";
				SWIFT_VERSION = 5.0;
				TARGETED_DEVICE_FAMILY = "1,2";
			};
			name = Debug;
		};
		CCA8FF4B2473E38D00A93B50 /* Release */ = {
			isa = XCBuildConfiguration;
			buildSettings = {
				ASSETCATALOG_COMPILER_APPICON_NAME = AppIcon;
				CODE_SIGN_STYLE = Automatic;
				INFOPLIST_FILE = MemeApp/Info.plist;
				LD_RUNPATH_SEARCH_PATHS = (
					"$(inherited)",
					"@executable_path/Frameworks",
				);
				PRODUCT_BUNDLE_IDENTIFIER = dinulsyah.com.MemeApp;
				PRODUCT_NAME = "$(TARGET_NAME)";
				SWIFT_VERSION = 5.0;
				TARGETED_DEVICE_FAMILY = "1,2";
			};
			name = Release;
		};
/* End XCBuildConfiguration section */

/* Begin XCConfigurationList section */
		CCA8FF302473E38C00A93B50 /* Build configuration list for PBXProject "MemeApp" */ = {
			isa = XCConfigurationList;
			buildConfigurations = (
				CCA8FF472473E38D00A93B50 /* Debug */,
				CCA8FF482473E38D00A93B50 /* Release */,
			);
			defaultConfigurationIsVisible = 0;
			defaultConfigurationName = Release;
		};
		CCA8FF492473E38D00A93B50 /* Build configuration list for PBXNativeTarget "MemeApp" */ = {
			isa = XCConfigurationList;
			buildConfigurations = (
				CCA8FF4A2473E38D00A93B50 /* Debug */,
				CCA8FF4B2473E38D00A93B50 /* Release */,
			);
			defaultConfigurationIsVisible = 0;
			defaultConfigurationName = Release;
		};
/* End XCConfigurationList section */
	};
	rootObject = CCA8FF2D2473E38C00A93B50 /* Project object */;
}
